Microsoft Visual Studio Solution File, Format Version 12.00
# Visual Studio 15
VisualStudioVersion = 15.0.26124.0
MinimumVisualStudioVersion = 15.0.26124.0
Project("{9A19103F-16F7-4668-BE54-9A1E7A4F7556}") = "Simple.Mocking.AcceptanceTests", "Simple.Mocking.AcceptanceTests\Simple.Mocking.AcceptanceTests.csproj", "{2243FB8E-1D1E-4453-9870-21A8654BE21B}"
EndProject
Project("{9A19103F-16F7-4668-BE54-9A1E7A4F7556}") = "Simple.Mocking.UnitTests", "Simple.Mocking.UnitTests\Simple.Mocking.UnitTests.csproj", "{9C18F6BD-5854-493E-BDD7-AA8D76A7BE54}"
EndProject
Project("{9A19103F-16F7-4668-BE54-9A1E7A4F7556}") = "Simple.Mocking", "Simple.Mocking\Simple.Mocking.csproj", "{C4B522D0-51CA-4BF3-98B7-B6425FB4D09F}"
EndProject
Global
	GlobalSection(SolutionConfigurationPlatforms) = preSolution
		Debug|Any CPU = Debug|Any CPU
		Debug|x64 = Debug|x64
		Debug|x86 = Debug|x86
		Release|Any CPU = Release|Any CPU
		Release|x64 = Release|x64
		Release|x86 = Release|x86
	EndGlobalSection
	GlobalSection(ProjectConfigurationPlatforms) = postSolution
		{2243FB8E-1D1E-4453-9870-21A8654BE21B}.Debug|Any CPU.ActiveCfg = Debug|Any CPU
		{2243FB8E-1D1E-4453-9870-21A8654BE21B}.Debug|Any CPU.Build.0 = Debug|Any CPU
		{2243FB8E-1D1E-4453-9870-21A8654BE21B}.Debug|x64.ActiveCfg = Debug|Any CPU
		{2243FB8E-1D1E-4453-9870-21A8654BE21B}.Debug|x64.Build.0 = Debug|Any CPU
		{2243FB8E-1D1E-4453-9870-21A8654BE21B}.Debug|x86.ActiveCfg = Debug|Any CPU
		{2243FB8E-1D1E-4453-9870-21A8654BE21B}.Debug|x86.Build.0 = Debug|Any CPU
		{2243FB8E-1D1E-4453-9870-21A8654BE21B}.Release|Any CPU.ActiveCfg = Release|Any CPU
		{2243FB8E-1D1E-4453-9870-21A8654BE21B}.Release|Any CPU.Build.0 = Release|Any CPU
		{2243FB8E-1D1E-4453-9870-21A8654BE21B}.Release|x64.ActiveCfg = Release|Any CPU
		{2243FB8E-1D1E-4453-9870-21A8654BE21B}.Release|x64.Build.0 = Release|Any CPU
		{2243FB8E-1D1E-4453-9870-21A8654BE21B}.Release|x86.ActiveCfg = Release|Any CPU
		{2243FB8E-1D1E-4453-9870-21A8654BE21B}.Release|x86.Build.0 = Release|Any CPU
		{9C18F6BD-5854-493E-BDD7-AA8D76A7BE54}.Debug|Any CPU.ActiveCfg = Debug|Any CPU
		{9C18F6BD-5854-493E-BDD7-AA8D76A7BE54}.Debug|Any CPU.Build.0 = Debug|Any CPU
		{9C18F6BD-5854-493E-BDD7-AA8D76A7BE54}.Debug|x64.ActiveCfg = Debug|Any CPU
		{9C18F6BD-5854-493E-BDD7-AA8D76A7BE54}.Debug|x64.Build.0 = Debug|Any CPU
		{9C18F6BD-5854-493E-BDD7-AA8D76A7BE54}.Debug|x86.ActiveCfg = Debug|Any CPU
		{9C18F6BD-5854-493E-BDD7-AA8D76A7BE54}.Debug|x86.Build.0 = Debug|Any CPU
		{9C18F6BD-5854-493E-BDD7-AA8D76A7BE54}.Release|Any CPU.ActiveCfg = Release|Any CPU
		{9C18F6BD-5854-493E-BDD7-AA8D76A7BE54}.Release|Any CPU.Build.0 = Release|Any CPU
		{9C18F6BD-5854-493E-BDD7-AA8D76A7BE54}.Release|x64.ActiveCfg = Release|Any CPU
		{9C18F6BD-5854-493E-BDD7-AA8D76A7BE54}.Release|x64.Build.0 = Release|Any CPU
		{9C18F6BD-5854-493E-BDD7-AA8D76A7BE54}.Release|x86.ActiveCfg = Release|Any CPU
		{9C18F6BD-5854-493E-BDD7-AA8D76A7BE54}.Release|x86.Build.0 = Release|Any CPU
		{C4B522D0-51CA-4BF3-98B7-B6425FB4D09F}.Debug|Any CPU.ActiveCfg = Debug|Any CPU
		{C4B522D0-51CA-4BF3-98B7-B6425FB4D09F}.Debug|Any CPU.Build.0 = Debug|Any CPU
		{C4B522D0-51CA-4BF3-98B7-B6425FB4D09F}.Debug|x64.ActiveCfg = Debug|Any CPU
		{C4B522D0-51CA-4BF3-98B7-B6425FB4D09F}.Debug|x64.Build.0 = Debug|Any CPU
		{C4B522D0-51CA-4BF3-98B7-B6425FB4D09F}.Debug|x86.ActiveCfg = Debug|Any CPU
		{C4B522D0-51CA-4BF3-98B7-B6425FB4D09F}.Debug|x86.Build.0 = Debug|Any CPU
		{C4B522D0-51CA-4BF3-98B7-B6425FB4D09F}.Release|Any CPU.ActiveCfg = Release|Any CPU
		{C4B522D0-51CA-4BF3-98B7-B6425FB4D09F}.Release|Any CPU.Build.0 = Release|Any CPU
		{C4B522D0-51CA-4BF3-98B7-B6425FB4D09F}.Release|x64.ActiveCfg = Release|Any CPU
		{C4B522D0-51CA-4BF3-98B7-B6425FB4D09F}.Release|x64.Build.0 = Release|Any CPU
		{C4B522D0-51CA-4BF3-98B7-B6425FB4D09F}.Release|x86.ActiveCfg = Release|Any CPU
		{C4B522D0-51CA-4BF3-98B7-B6425FB4D09F}.Release|x86.Build.0 = Release|Any CPU
	EndGlobalSection
	GlobalSection(SolutionProperties) = preSolution
		HideSolutionNode = FALSE
	EndGlobalSection
	GlobalSection(ExtensibilityGlobals) = postSolution
		SolutionGuid = {4CA743CF-B25C-408E-9406-B5C4C5D314C4}
	EndGlobalSection
EndGlobal
